
Microsoft Visual Studio Solution File, Format Version 12.00
# Visual Studio Version 16
VisualStudioVersion = 16.0.29728.190
MinimumVisualStudioVersion = 15.0.26124.0
Project("{9A19103F-16F7-4668-BE54-9A1E7A4F7556}") = "Crm.Web", "Crm.Web\Crm.Web.csproj", "{BFC8C476-E0AC-41BF-8122-568CACA7C2C9}"
EndProject
Project("{9A19103F-16F7-4668-BE54-9A1E7A4F7556}") = "Crm.Broker", "Crm.Broker\Crm.Broker.csproj", "{237A80A7-42C3-43BF-B160-5915FDFF33FC}"
EndProject
Project("{9A19103F-16F7-4668-BE54-9A1E7A4F7556}") = "Crm.Contracts", "Crm.Contracts\Crm.Contracts.csproj", "{E763C8A7-4CCB-47DA-B5B9-338426BC5F83}"
EndProject
Project("{9A19103F-16F7-4668-BE54-9A1E7A4F7556}") = "Crm.Data", "Crm.Data\Crm.Data.csproj", "{2F4897E4-7016-4449-ADC3-7B3BC61540E4}"
EndProject
Project("{9A19103F-16F7-4668-BE54-9A1E7A4F7556}") = "Crm.Domains", "Crm.Domains\Crm.Domains.csproj", "{96BD1B21-FCDF-4896-9E0C-E146168C8A06}"
EndProject
Project("{9A19103F-16F7-4668-BE54-9A1E7A4F7556}") = "Crm.Services", "Crm.Services\Crm.Services.csproj", "{E1D23A10-3407-4667-B510-23165DD500C1}"
EndProject
Project("{9A19103F-16F7-4668-BE54-9A1E7A4F7556}") = "Crm.Shared", "Crm.Shared\Crm.Shared.csproj", "{71E6A2D4-5EE7-4576-94F6-580207E755F7}"
EndProject
Project("{2150E333-8FDC-42A3-9474-1A3956D46DE8}") = "Solution Items", "Solution Items", "{7F296F5F-2D79-4ADA-B1CD-FA6C48E58D6A}"
	ProjectSection(SolutionItems) = preProject
		install.sql = install.sql
	EndProjectSection
EndProject
Global
	GlobalSection(SolutionConfigurationPlatforms) = preSolution
		Debug|Any CPU = Debug|Any CPU
		Debug|x64 = Debug|x64
		Debug|x86 = Debug|x86
		Release|Any CPU = Release|Any CPU
		Release|x64 = Release|x64
		Release|x86 = Release|x86
	EndGlobalSection
	GlobalSection(ProjectConfigurationPlatforms) = postSolution
		{BFC8C476-E0AC-41BF-8122-568CACA7C2C9}.Debug|Any CPU.ActiveCfg = Debug|Any CPU
		{BFC8C476-E0AC-41BF-8122-568CACA7C2C9}.Debug|Any CPU.Build.0 = Debug|Any CPU
		{BFC8C476-E0AC-41BF-8122-568CACA7C2C9}.Debug|x64.ActiveCfg = Debug|Any CPU
		{BFC8C476-E0AC-41BF-8122-568CACA7C2C9}.Debug|x64.Build.0 = Debug|Any CPU
		{BFC8C476-E0AC-41BF-8122-568CACA7C2C9}.Debug|x86.ActiveCfg = Debug|Any CPU
		{BFC8C476-E0AC-41BF-8122-568CACA7C2C9}.Debug|x86.Build.0 = Debug|Any CPU
		{BFC8C476-E0AC-41BF-8122-568CACA7C2C9}.Release|Any CPU.ActiveCfg = Release|Any CPU
		{BFC8C476-E0AC-41BF-8122-568CACA7C2C9}.Release|Any CPU.Build.0 = Release|Any CPU
		{BFC8C476-E0AC-41BF-8122-568CACA7C2C9}.Release|x64.ActiveCfg = Release|Any CPU
		{BFC8C476-E0AC-41BF-8122-568CACA7C2C9}.Release|x64.Build.0 = Release|Any CPU
		{BFC8C476-E0AC-41BF-8122-568CACA7C2C9}.Release|x86.ActiveCfg = Release|Any CPU
		{BFC8C476-E0AC-41BF-8122-568CACA7C2C9}.Release|x86.Build.0 = Release|Any CPU
		{237A80A7-42C3-43BF-B160-5915FDFF33FC}.Debug|Any CPU.ActiveCfg = Debug|Any CPU
		{237A80A7-42C3-43BF-B160-5915FDFF33FC}.Debug|Any CPU.Build.0 = Debug|Any CPU
		{237A80A7-42C3-43BF-B160-5915FDFF33FC}.Debug|x64.ActiveCfg = Debug|Any CPU
		{237A80A7-42C3-43BF-B160-5915FDFF33FC}.Debug|x64.Build.0 = Debug|Any CPU
		{237A80A7-42C3-43BF-B160-5915FDFF33FC}.Debug|x86.ActiveCfg = Debug|Any CPU
		{237A80A7-42C3-43BF-B160-5915FDFF33FC}.Debug|x86.Build.0 = Debug|Any CPU
		{237A80A7-42C3-43BF-B160-5915FDFF33FC}.Release|Any CPU.ActiveCfg = Release|Any CPU
		{237A80A7-42C3-43BF-B160-5915FDFF33FC}.Release|Any CPU.Build.0 = Release|Any CPU
		{237A80A7-42C3-43BF-B160-5915FDFF33FC}.Release|x64.ActiveCfg = Release|Any CPU
		{237A80A7-42C3-43BF-B160-5915FDFF33FC}.Release|x64.Build.0 = Release|Any CPU
		{237A80A7-42C3-43BF-B160-5915FDFF33FC}.Release|x86.ActiveCfg = Release|Any CPU
		{237A80A7-42C3-43BF-B160-5915FDFF33FC}.Release|x86.Build.0 = Release|Any CPU
		{E763C8A7-4CCB-47DA-B5B9-338426BC5F83}.Debug|Any CPU.ActiveCfg = Debug|Any CPU
		{E763C8A7-4CCB-47DA-B5B9-338426BC5F83}.Debug|Any CPU.Build.0 = Debug|Any CPU
		{E763C8A7-4CCB-47DA-B5B9-338426BC5F83}.Debug|x64.ActiveCfg = Debug|Any CPU
		{E763C8A7-4CCB-47DA-B5B9-338426BC5F83}.Debug|x64.Build.0 = Debug|Any CPU
		{E763C8A7-4CCB-47DA-B5B9-338426BC5F83}.Debug|x86.ActiveCfg = Debug|Any CPU
		{E763C8A7-4CCB-47DA-B5B9-338426BC5F83}.Debug|x86.Build.0 = Debug|Any CPU
		{E763C8A7-4CCB-47DA-B5B9-338426BC5F83}.Release|Any CPU.ActiveCfg = Release|Any CPU
		{E763C8A7-4CCB-47DA-B5B9-338426BC5F83}.Release|Any CPU.Build.0 = Release|Any CPU
		{E763C8A7-4CCB-47DA-B5B9-338426BC5F83}.Release|x64.ActiveCfg = Release|Any CPU
		{E763C8A7-4CCB-47DA-B5B9-338426BC5F83}.Release|x64.Build.0 = Release|Any CPU
		{E763C8A7-4CCB-47DA-B5B9-338426BC5F83}.Release|x86.ActiveCfg = Release|Any CPU
		{E763C8A7-4CCB-47DA-B5B9-338426BC5F83}.Release|x86.Build.0 = Release|Any CPU
		{2F4897E4-7016-4449-ADC3-7B3BC61540E4}.Debug|Any CPU.ActiveCfg = Debug|Any CPU
		{2F4897E4-7016-4449-ADC3-7B3BC61540E4}.Debug|Any CPU.Build.0 = Debug|Any CPU
		{2F4897E4-7016-4449-ADC3-7B3BC61540E4}.Debug|x64.ActiveCfg = Debug|Any CPU
		{2F4897E4-7016-4449-ADC3-7B3BC61540E4}.Debug|x64.Build.0 = Debug|Any CPU
		{2F4897E4-7016-4449-ADC3-7B3BC61540E4}.Debug|x86.ActiveCfg = Debug|Any CPU
		{2F4897E4-7016-4449-ADC3-7B3BC61540E4}.Debug|x86.Build.0 = Debug|Any CPU
		{2F4897E4-7016-4449-ADC3-7B3BC61540E4}.Release|Any CPU.ActiveCfg = Release|Any CPU
		{2F4897E4-7016-4449-ADC3-7B3BC61540E4}.Release|Any CPU.Build.0 = Release|Any CPU
		{2F4897E4-7016-4449-ADC3-7B3BC61540E4}.Release|x64.ActiveCfg = Release|Any CPU
		{2F4897E4-7016-4449-ADC3-7B3BC61540E4}.Release|x64.Build.0 = Release|Any CPU
		{2F4897E4-7016-4449-ADC3-7B3BC61540E4}.Release|x86.ActiveCfg = Release|Any CPU
		{2F4897E4-7016-4449-ADC3-7B3BC61540E4}.Release|x86.Build.0 = Release|Any CPU
		{96BD1B21-FCDF-4896-9E0C-E146168C8A06}.Debug|Any CPU.ActiveCfg = Debug|Any CPU
		{96BD1B21-FCDF-4896-9E0C-E146168C8A06}.Debug|Any CPU.Build.0 = Debug|Any CPU
		{96BD1B21-FCDF-4896-9E0C-E146168C8A06}.Debug|x64.ActiveCfg = Debug|Any CPU
		{96BD1B21-FCDF-4896-9E0C-E146168C8A06}.Debug|x64.Build.0 = Debug|Any CPU
		{96BD1B21-FCDF-4896-9E0C-E146168C8A06}.Debug|x86.ActiveCfg = Debug|Any CPU
		{96BD1B21-FCDF-4896-9E0C-E146168C8A06}.Debug|x86.Build.0 = Debug|Any CPU
		{96BD1B21-FCDF-4896-9E0C-E146168C8A06}.Release|Any CPU.ActiveCfg = Release|Any CPU
		{96BD1B21-FCDF-4896-9E0C-E146168C8A06}.Release|Any CPU.Build.0 = Release|Any CPU
		{96BD1B21-FCDF-4896-9E0C-E146168C8A06}.Release|x64.ActiveCfg = Release|Any CPU
		{96BD1B21-FCDF-4896-9E0C-E146168C8A06}.Release|x64.Build.0 = Release|Any CPU
		{96BD1B21-FCDF-4896-9E0C-E146168C8A06}.Release|x86.ActiveCfg = Release|Any CPU
		{96BD1B21-FCDF-4896-9E0C-E146168C8A06}.Release|x86.Build.0 = Release|Any CPU
		{E1D23A10-3407-4667-B510-23165DD500C1}.Debug|Any CPU.ActiveCfg = Debug|Any CPU
		{E1D23A10-3407-4667-B510-23165DD500C1}.Debug|Any CPU.Build.0 = Debug|Any CPU
		{E1D23A10-3407-4667-B510-23165DD500C1}.Debug|x64.ActiveCfg = Debug|Any CPU
		{E1D23A10-3407-4667-B510-23165DD500C1}.Debug|x64.Build.0 = Debug|Any CPU
		{E1D23A10-3407-4667-B510-23165DD500C1}.Debug|x86.ActiveCfg = Debug|Any CPU
		{E1D23A10-3407-4667-B510-23165DD500C1}.Debug|x86.Build.0 = Debug|Any CPU
		{E1D23A10-3407-4667-B510-23165DD500C1}.Release|Any CPU.ActiveCfg = Release|Any CPU
		{E1D23A10-3407-4667-B510-23165DD500C1}.Release|Any CPU.Build.0 = Release|Any CPU
		{E1D23A10-3407-4667-B510-23165DD500C1}.Release|x64.ActiveCfg = Release|Any CPU
		{E1D23A10-3407-4667-B510-23165DD500C1}.Release|x64.Build.0 = Release|Any CPU
		{E1D23A10-3407-4667-B510-23165DD500C1}.Release|x86.ActiveCfg = Release|Any CPU
		{E1D23A10-3407-4667-B510-23165DD500C1}.Release|x86.Build.0 = Release|Any CPU
		{71E6A2D4-5EE7-4576-94F6-580207E755F7}.Debug|Any CPU.ActiveCfg = Debug|Any CPU
		{71E6A2D4-5EE7-4576-94F6-580207E755F7}.Debug|Any CPU.Build.0 = Debug|Any CPU
		{71E6A2D4-5EE7-4576-94F6-580207E755F7}.Debug|x64.ActiveCfg = Debug|Any CPU
		{71E6A2D4-5EE7-4576-94F6-580207E755F7}.Debug|x64.Build.0 = Debug|Any CPU
		{71E6A2D4-5EE7-4576-94F6-580207E755F7}.Debug|x86.ActiveCfg = Debug|Any CPU
		{71E6A2D4-5EE7-4576-94F6-580207E755F7}.Debug|x86.Build.0 = Debug|Any CPU
		{71E6A2D4-5EE7-4576-94F6-580207E755F7}.Release|Any CPU.ActiveCfg = Release|Any CPU
		{71E6A2D4-5EE7-4576-94F6-580207E755F7}.Release|Any CPU.Build.0 = Release|Any CPU
		{71E6A2D4-5EE7-4576-94F6-580207E755F7}.Release|x64.ActiveCfg = Release|Any CPU
		{71E6A2D4-5EE7-4576-94F6-580207E755F7}.Release|x64.Build.0 = Release|Any CPU
		{71E6A2D4-5EE7-4576-94F6-580207E755F7}.Release|x86.ActiveCfg = Release|Any CPU
		{71E6A2D4-5EE7-4576-94F6-580207E755F7}.Release|x86.Build.0 = Release|Any CPU
	EndGlobalSection
	GlobalSection(SolutionProperties) = preSolution
		HideSolutionNode = FALSE
	EndGlobalSection
	GlobalSection(ExtensibilityGlobals) = postSolution
		SolutionGuid = {45CDB7A6-71EB-4A1D-B01E-2201DF09C7DB}
	EndGlobalSection
EndGlobal
